
Microsoft Visual Studio Solution File, Format Version 12.00
# Visual Studio Version 17
VisualStudioVersion = 17.7.34031.279
MinimumVisualStudioVersion = 10.0.40219.1
Project("{FAE04EC0-301F-11D3-BF4B-00C04F79EFBC}") = "Wpfprak1", "Wpfprak1.csproj", "{04F3EBFC-8AFD-47B3-B186-A6280790CA7F}"
EndProject
Global
	GlobalSection(SolutionConfigurationPlatforms) = preSolution
		Debug|Any CPU = Debug|Any CPU
		Release|Any CPU = Release|Any CPU
	EndGlobalSection
	GlobalSection(ProjectConfigurationPlatforms) = postSolution
		{04F3EBFC-8AFD-47B3-B186-A6280790CA7F}.Debug|Any CPU.ActiveCfg = Debug|Any CPU
		{04F3EBFC-8AFD-47B3-B186-A6280790CA7F}.Debug|Any CPU.Build.0 = Debug|Any CPU
		{04F3EBFC-8AFD-47B3-B186-A6280790CA7F}.Release|Any CPU.ActiveCfg = Release|Any CPU
		{04F3EBFC-8AFD-47B3-B186-A6280790CA7F}.Release|Any CPU.Build.0 = Release|Any CPU
	EndGlobalSection
	GlobalSection(SolutionProperties) = preSolution
		HideSolutionNode = FALSE
	EndGlobalSection
	GlobalSection(ExtensibilityGlobals) = postSolution
		SolutionGuid = {AB0BE3F8-82F6-40AC-9BC9-A1E4377A31CF}
	EndGlobalSection
EndGlobal
